
Microsoft Visual Studio Solution File, Format Version 12.00
# Visual Studio 14
VisualStudioVersion = 14.0.25123.0
MinimumVisualStudioVersion = 10.0.40219.1
Project("{FAE04EC0-301F-11D3-BF4B-00C04F79EFBC}") = "Samples", "Samples\Samples\Samples.csproj", "{74CEE6C1-4CE8-4279-82AF-D5A5DDD76D18}"
EndProject
Project("{FAE04EC0-301F-11D3-BF4B-00C04F79EFBC}") = "Samples.iOS", "Samples\Samples.iOS\Samples.iOS.csproj", "{E65BABF2-F96E-4256-A169-4ECB8136FBB3}"
EndProject
Project("{FAE04EC0-301F-11D3-BF4B-00C04F79EFBC}") = "Samples.Droid", "Samples\Samples.Droid\Samples.Droid.csproj", "{1AA0F8D6-3F27-4461-B5FD-1C8F1000FCE3}"
EndProject
Project("{2150E333-8FDC-42A3-9474-1A3956D46DE8}") = "Sample", "Sample", "{48F9B619-4D7C-482C-9C09-56BD8D78D0FF}"
EndProject
Project("{FAE04EC0-301F-11D3-BF4B-00C04F79EFBC}") = "Samples.WinPhone", "Samples\Samples.WinPhone\Samples.WinPhone.csproj", "{99CD1495-A1C1-41E7-A35D-318804B21C2E}"
EndProject
Global
	GlobalSection(SolutionConfigurationPlatforms) = preSolution
		Ad-Hoc|Any CPU = Ad-Hoc|Any CPU
		Ad-Hoc|ARM = Ad-Hoc|ARM
		Ad-Hoc|iPhone = Ad-Hoc|iPhone
		Ad-Hoc|iPhoneSimulator = Ad-Hoc|iPhoneSimulator
		Ad-Hoc|Mixed Platforms = Ad-Hoc|Mixed Platforms
		Ad-Hoc|x64 = Ad-Hoc|x64
		Ad-Hoc|x86 = Ad-Hoc|x86
		AppStore|Any CPU = AppStore|Any CPU
		AppStore|ARM = AppStore|ARM
		AppStore|iPhone = AppStore|iPhone
		AppStore|iPhoneSimulator = AppStore|iPhoneSimulator
		AppStore|Mixed Platforms = AppStore|Mixed Platforms
		AppStore|x64 = AppStore|x64
		AppStore|x86 = AppStore|x86
		Debug|Any CPU = Debug|Any CPU
		Debug|ARM = Debug|ARM
		Debug|iPhone = Debug|iPhone
		Debug|iPhoneSimulator = Debug|iPhoneSimulator
		Debug|Mixed Platforms = Debug|Mixed Platforms
		Debug|x64 = Debug|x64
		Debug|x86 = Debug|x86
		Release|Any CPU = Release|Any CPU
		Release|ARM = Release|ARM
		Release|iPhone = Release|iPhone
		Release|iPhoneSimulator = Release|iPhoneSimulator
		Release|Mixed Platforms = Release|Mixed Platforms
		Release|x64 = Release|x64
		Release|x86 = Release|x86
	EndGlobalSection
	GlobalSection(ProjectConfigurationPlatforms) = postSolution
		{74CEE6C1-4CE8-4279-82AF-D5A5DDD76D18}.Ad-Hoc|Any CPU.ActiveCfg = Release|Any CPU
		{74CEE6C1-4CE8-4279-82AF-D5A5DDD76D18}.Ad-Hoc|Any CPU.Build.0 = Release|Any CPU
		{74CEE6C1-4CE8-4279-82AF-D5A5DDD76D18}.Ad-Hoc|ARM.ActiveCfg = Release|Any CPU
		{74CEE6C1-4CE8-4279-82AF-D5A5DDD76D18}.Ad-Hoc|iPhone.ActiveCfg = Release|Any CPU
		{74CEE6C1-4CE8-4279-82AF-D5A5DDD76D18}.Ad-Hoc|iPhoneSimulator.ActiveCfg = Release|Any CPU
		{74CEE6C1-4CE8-4279-82AF-D5A5DDD76D18}.Ad-Hoc|Mixed Platforms.ActiveCfg = Release|Any CPU
		{74CEE6C1-4CE8-4279-82AF-D5A5DDD76D18}.Ad-Hoc|Mixed Platforms.Build.0 = Release|Any CPU
		{74CEE6C1-4CE8-4279-82AF-D5A5DDD76D18}.Ad-Hoc|x64.ActiveCfg = Release|Any CPU
		{74CEE6C1-4CE8-4279-82AF-D5A5DDD76D18}.Ad-Hoc|x86.ActiveCfg = Release|Any CPU
		{74CEE6C1-4CE8-4279-82AF-D5A5DDD76D18}.AppStore|Any CPU.ActiveCfg = Release|Any CPU
		{74CEE6C1-4CE8-4279-82AF-D5A5DDD76D18}.AppStore|Any CPU.Build.0 = Release|Any CPU
		{74CEE6C1-4CE8-4279-82AF-D5A5DDD76D18}.AppStore|ARM.ActiveCfg = Release|Any CPU
		{74CEE6C1-4CE8-4279-82AF-D5A5DDD76D18}.AppStore|iPhone.ActiveCfg = Release|Any CPU
		{74CEE6C1-4CE8-4279-82AF-D5A5DDD76D18}.AppStore|iPhoneSimulator.ActiveCfg = Release|Any CPU
		{74CEE6C1-4CE8-4279-82AF-D5A5DDD76D18}.AppStore|Mixed Platforms.ActiveCfg = Release|Any CPU
		{74CEE6C1-4CE8-4279-82AF-D5A5DDD76D18}.AppStore|Mixed Platforms.Build.0 = Release|Any CPU
		{74CEE6C1-4CE8-4279-82AF-D5A5DDD76D18}.AppStore|x64.ActiveCfg = Release|Any CPU
		{74CEE6C1-4CE8-4279-82AF-D5A5DDD76D18}.AppStore|x86.ActiveCfg = Release|Any CPU
		{74CEE6C1-4CE8-4279-82AF-D5A5DDD76D18}.Debug|Any CPU.ActiveCfg = Debug|Any CPU
		{74CEE6C1-4CE8-4279-82AF-D5A5DDD76D18}.Debug|Any CPU.Build.0 = Debug|Any CPU
		{74CEE6C1-4CE8-4279-82AF-D5A5DDD76D18}.Debug|ARM.ActiveCfg = Debug|Any CPU
		{74CEE6C1-4CE8-4279-82AF-D5A5DDD76D18}.Debug|ARM.Build.0 = Debug|Any CPU
		{74CEE6C1-4CE8-4279-82AF-D5A5DDD76D18}.Debug|iPhone.ActiveCfg = Debug|Any CPU
		{74CEE6C1-4CE8-4279-82AF-D5A5DDD76D18}.Debug|iPhone.Build.0 = Debug|Any CPU
		{74CEE6C1-4CE8-4279-82AF-D5A5DDD76D18}.Debug|iPhoneSimulator.ActiveCfg = Debug|Any CPU
		{74CEE6C1-4CE8-4279-82AF-D5A5DDD76D18}.Debug|iPhoneSimulator.Build.0 = Debug|Any CPU
		{74CEE6C1-4CE8-4279-82AF-D5A5DDD76D18}.Debug|Mixed Platforms.ActiveCfg = Debug|Any CPU
		{74CEE6C1-4CE8-4279-82AF-D5A5DDD76D18}.Debug|Mixed Platforms.Build.0 = Debug|Any CPU
		{74CEE6C1-4CE8-4279-82AF-D5A5DDD76D18}.Debug|x64.ActiveCfg = Debug|Any CPU
		{74CEE6C1-4CE8-4279-82AF-D5A5DDD76D18}.Debug|x86.ActiveCfg = Debug|Any CPU
		{74CEE6C1-4CE8-4279-82AF-D5A5DDD76D18}.Release|Any CPU.ActiveCfg = Release|Any CPU
		{74CEE6C1-4CE8-4279-82AF-D5A5DDD76D18}.Release|Any CPU.Build.0 = Release|Any CPU
		{74CEE6C1-4CE8-4279-82AF-D5A5DDD76D18}.Release|ARM.ActiveCfg = Release|Any CPU
		{74CEE6C1-4CE8-4279-82AF-D5A5DDD76D18}.Release|iPhone.ActiveCfg = Release|Any CPU
		{74CEE6C1-4CE8-4279-82AF-D5A5DDD76D18}.Release|iPhone.Build.0 = Release|Any CPU
		{74CEE6C1-4CE8-4279-82AF-D5A5DDD76D18}.Release|iPhoneSimulator.ActiveCfg = Release|Any CPU
		{74CEE6C1-4CE8-4279-82AF-D5A5DDD76D18}.Release|iPhoneSimulator.Build.0 = Release|Any CPU
		{74CEE6C1-4CE8-4279-82AF-D5A5DDD76D18}.Release|Mixed Platforms.ActiveCfg = Release|Any CPU
		{74CEE6C1-4CE8-4279-82AF-D5A5DDD76D18}.Release|Mixed Platforms.Build.0 = Release|Any CPU
		{74CEE6C1-4CE8-4279-82AF-D5A5DDD76D18}.Release|x64.ActiveCfg = Release|Any CPU
		{74CEE6C1-4CE8-4279-82AF-D5A5DDD76D18}.Release|x86.ActiveCfg = Release|Any CPU
		{E65BABF2-F96E-4256-A169-4ECB8136FBB3}.Ad-Hoc|Any CPU.ActiveCfg = Ad-Hoc|iPhone
		{E65BABF2-F96E-4256-A169-4ECB8136FBB3}.Ad-Hoc|ARM.ActiveCfg = Ad-Hoc|iPhone
		{E65BABF2-F96E-4256-A169-4ECB8136FBB3}.Ad-Hoc|iPhone.ActiveCfg = Ad-Hoc|iPhone
		{E65BABF2-F96E-4256-A169-4ECB8136FBB3}.Ad-Hoc|iPhone.Build.0 = Ad-Hoc|iPhone
		{E65BABF2-F96E-4256-A169-4ECB8136FBB3}.Ad-Hoc|iPhoneSimulator.ActiveCfg = Ad-Hoc|iPhoneSimulator
		{E65BABF2-F96E-4256-A169-4ECB8136FBB3}.Ad-Hoc|iPhoneSimulator.Build.0 = Ad-Hoc|iPhoneSimulator
		{E65BABF2-F96E-4256-A169-4ECB8136FBB3}.Ad-Hoc|Mixed Platforms.ActiveCfg = Ad-Hoc|iPhone
		{E65BABF2-F96E-4256-A169-4ECB8136FBB3}.Ad-Hoc|Mixed Platforms.Build.0 = Ad-Hoc|iPhone
		{E65BABF2-F96E-4256-A169-4ECB8136FBB3}.Ad-Hoc|x64.ActiveCfg = Ad-Hoc|iPhone
		{E65BABF2-F96E-4256-A169-4ECB8136FBB3}.Ad-Hoc|x86.ActiveCfg = Ad-Hoc|iPhone
		{E65BABF2-F96E-4256-A169-4ECB8136FBB3}.AppStore|Any CPU.ActiveCfg = AppStore|iPhone
		{E65BABF2-F96E-4256-A169-4ECB8136FBB3}.AppStore|ARM.ActiveCfg = AppStore|iPhone
		{E65BABF2-F96E-4256-A169-4ECB8136FBB3}.AppStore|iPhone.ActiveCfg = AppStore|iPhone
		{E65BABF2-F96E-4256-A169-4ECB8136FBB3}.AppStore|iPhone.Build.0 = AppStore|iPhone
		{E65BABF2-F96E-4256-A169-4ECB8136FBB3}.AppStore|iPhoneSimulator.ActiveCfg = AppStore|iPhoneSimulator
		{E65BABF2-F96E-4256-A169-4ECB8136FBB3}.AppStore|iPhoneSimulator.Build.0 = AppStore|iPhoneSimulator
		{E65BABF2-F96E-4256-A169-4ECB8136FBB3}.AppStore|Mixed Platforms.ActiveCfg = AppStore|iPhone
		{E65BABF2-F96E-4256-A169-4ECB8136FBB3}.AppStore|Mixed Platforms.Build.0 = AppStore|iPhone
		{E65BABF2-F96E-4256-A169-4ECB8136FBB3}.AppStore|x64.ActiveCfg = AppStore|iPhone
		{E65BABF2-F96E-4256-A169-4ECB8136FBB3}.AppStore|x86.ActiveCfg = AppStore|iPhone
		{E65BABF2-F96E-4256-A169-4ECB8136FBB3}.Debug|Any CPU.ActiveCfg = Debug|iPhone
		{E65BABF2-F96E-4256-A169-4ECB8136FBB3}.Debug|Any CPU.Build.0 = Debug|iPhone
		{E65BABF2-F96E-4256-A169-4ECB8136FBB3}.Debug|ARM.ActiveCfg = Debug|iPhone
		{E65BABF2-F96E-4256-A169-4ECB8136FBB3}.Debug|ARM.Build.0 = Debug|iPhone
		{E65BABF2-F96E-4256-A169-4ECB8136FBB3}.Debug|iPhone.ActiveCfg = Debug|iPhone
		{E65BABF2-F96E-4256-A169-4ECB8136FBB3}.Debug|iPhone.Build.0 = Debug|iPhone
		{E65BABF2-F96E-4256-A169-4ECB8136FBB3}.Debug|iPhoneSimulator.ActiveCfg = Debug|iPhoneSimulator
		{E65BABF2-F96E-4256-A169-4ECB8136FBB3}.Debug|iPhoneSimulator.Build.0 = Debug|iPhoneSimulator
		{E65BABF2-F96E-4256-A169-4ECB8136FBB3}.Debug|Mixed Platforms.ActiveCfg = Debug|iPhone
		{E65BABF2-F96E-4256-A169-4ECB8136FBB3}.Debug|Mixed Platforms.Build.0 = Debug|iPhone
		{E65BABF2-F96E-4256-A169-4ECB8136FBB3}.Debug|x64.ActiveCfg = Debug|iPhone
		{E65BABF2-F96E-4256-A169-4ECB8136FBB3}.Debug|x86.ActiveCfg = Debug|iPhone
		{E65BABF2-F96E-4256-A169-4ECB8136FBB3}.Release|Any CPU.ActiveCfg = Release|iPhone
		{E65BABF2-F96E-4256-A169-4ECB8136FBB3}.Release|ARM.ActiveCfg = Release|iPhone
		{E65BABF2-F96E-4256-A169-4ECB8136FBB3}.Release|iPhone.ActiveCfg = Release|iPhone
		{E65BABF2-F96E-4256-A169-4ECB8136FBB3}.Release|iPhone.Build.0 = Release|iPhone
		{E65BABF2-F96E-4256-A169-4ECB8136FBB3}.Release|iPhoneSimulator.ActiveCfg = Release|iPhoneSimulator
		{E65BABF2-F96E-4256-A169-4ECB8136FBB3}.Release|iPhoneSimulator.Build.0 = Release|iPhoneSimulator
		{E65BABF2-F96E-4256-A169-4ECB8136FBB3}.Release|Mixed Platforms.ActiveCfg = Release|iPhone
		{E65BABF2-F96E-4256-A169-4ECB8136FBB3}.Release|Mixed Platforms.Build.0 = Release|iPhone
		{E65BABF2-F96E-4256-A169-4ECB8136FBB3}.Release|x64.ActiveCfg = Release|iPhone
		{E65BABF2-F96E-4256-A169-4ECB8136FBB3}.Release|x86.ActiveCfg = Release|iPhone
		{1AA0F8D6-3F27-4461-B5FD-1C8F1000FCE3}.Ad-Hoc|Any CPU.ActiveCfg = Release|Any CPU
		{1AA0F8D6-3F27-4461-B5FD-1C8F1000FCE3}.Ad-Hoc|Any CPU.Build.0 = Release|Any CPU
		{1AA0F8D6-3F27-4461-B5FD-1C8F1000FCE3}.Ad-Hoc|Any CPU.Deploy.0 = Release|Any CPU
		{1AA0F8D6-3F27-4461-B5FD-1C8F1000FCE3}.Ad-Hoc|ARM.ActiveCfg = Release|Any CPU
		{1AA0F8D6-3F27-4461-B5FD-1C8F1000FCE3}.Ad-Hoc|iPhone.ActiveCfg = Release|Any CPU
		{1AA0F8D6-3F27-4461-B5FD-1C8F1000FCE3}.Ad-Hoc|iPhoneSimulator.ActiveCfg = Release|Any CPU
		{1AA0F8D6-3F27-4461-B5FD-1C8F1000FCE3}.Ad-Hoc|Mixed Platforms.ActiveCfg = Release|Any CPU
		{1AA0F8D6-3F27-4461-B5FD-1C8F1000FCE3}.Ad-Hoc|Mixed Platforms.Build.0 = Release|Any CPU
		{1AA0F8D6-3F27-4461-B5FD-1C8F1000FCE3}.Ad-Hoc|Mixed Platforms.Deploy.0 = Release|Any CPU
		{1AA0F8D6-3F27-4461-B5FD-1C8F1000FCE3}.Ad-Hoc|x64.ActiveCfg = Release|Any CPU
		{1AA0F8D6-3F27-4461-B5FD-1C8F1000FCE3}.Ad-Hoc|x86.ActiveCfg = Release|Any CPU
		{1AA0F8D6-3F27-4461-B5FD-1C8F1000FCE3}.AppStore|Any CPU.ActiveCfg = Release|Any CPU
		{1AA0F8D6-3F27-4461-B5FD-1C8F1000FCE3}.AppStore|Any CPU.Build.0 = Release|Any CPU
		{1AA0F8D6-3F27-4461-B5FD-1C8F1000FCE3}.AppStore|Any CPU.Deploy.0 = Release|Any CPU
		{1AA0F8D6-3F27-4461-B5FD-1C8F1000FCE3}.AppStore|ARM.ActiveCfg = Release|Any CPU
		{1AA0F8D6-3F27-4461-B5FD-1C8F1000FCE3}.AppStore|iPhone.ActiveCfg = Release|Any CPU
		{1AA0F8D6-3F27-4461-B5FD-1C8F1000FCE3}.AppStore|iPhoneSimulator.ActiveCfg = Release|Any CPU
		{1AA0F8D6-3F27-4461-B5FD-1C8F1000FCE3}.AppStore|Mixed Platforms.ActiveCfg = Release|Any CPU
		{1AA0F8D6-3F27-4461-B5FD-1C8F1000FCE3}.AppStore|Mixed Platforms.Build.0 = Release|Any CPU
		{1AA0F8D6-3F27-4461-B5FD-1C8F1000FCE3}.AppStore|Mixed Platforms.Deploy.0 = Release|Any CPU
		{1AA0F8D6-3F27-4461-B5FD-1C8F1000FCE3}.AppStore|x64.ActiveCfg = Release|Any CPU
		{1AA0F8D6-3F27-4461-B5FD-1C8F1000FCE3}.AppStore|x86.ActiveCfg = Release|Any CPU
		{1AA0F8D6-3F27-4461-B5FD-1C8F1000FCE3}.Debug|Any CPU.ActiveCfg = Debug|Any CPU
		{1AA0F8D6-3F27-4461-B5FD-1C8F1000FCE3}.Debug|Any CPU.Build.0 = Debug|Any CPU
		{1AA0F8D6-3F27-4461-B5FD-1C8F1000FCE3}.Debug|Any CPU.Deploy.0 = Debug|Any CPU
		{1AA0F8D6-3F27-4461-B5FD-1C8F1000FCE3}.Debug|ARM.ActiveCfg = Debug|Any CPU
		{1AA0F8D6-3F27-4461-B5FD-1C8F1000FCE3}.Debug|iPhone.ActiveCfg = Debug|Any CPU
		{1AA0F8D6-3F27-4461-B5FD-1C8F1000FCE3}.Debug|iPhoneSimulator.ActiveCfg = Debug|Any CPU
		{1AA0F8D6-3F27-4461-B5FD-1C8F1000FCE3}.Debug|iPhoneSimulator.Build.0 = Debug|Any CPU
		{1AA0F8D6-3F27-4461-B5FD-1C8F1000FCE3}.Debug|Mixed Platforms.ActiveCfg = Debug|Any CPU
		{1AA0F8D6-3F27-4461-B5FD-1C8F1000FCE3}.Debug|Mixed Platforms.Build.0 = Debug|Any CPU
		{1AA0F8D6-3F27-4461-B5FD-1C8F1000FCE3}.Debug|Mixed Platforms.Deploy.0 = Debug|Any CPU
		{1AA0F8D6-3F27-4461-B5FD-1C8F1000FCE3}.Debug|x64.ActiveCfg = Debug|Any CPU
		{1AA0F8D6-3F27-4461-B5FD-1C8F1000FCE3}.Debug|x86.ActiveCfg = Debug|Any CPU
		{1AA0F8D6-3F27-4461-B5FD-1C8F1000FCE3}.Release|Any CPU.ActiveCfg = Release|Any CPU
		{1AA0F8D6-3F27-4461-B5FD-1C8F1000FCE3}.Release|ARM.ActiveCfg = Release|Any CPU
		{1AA0F8D6-3F27-4461-B5FD-1C8F1000FCE3}.Release|iPhone.ActiveCfg = Release|Any CPU
		{1AA0F8D6-3F27-4461-B5FD-1C8F1000FCE3}.Release|iPhone.Build.0 = Release|Any CPU
		{1AA0F8D6-3F27-4461-B5FD-1C8F1000FCE3}.Release|iPhoneSimulator.ActiveCfg = Release|Any CPU
		{1AA0F8D6-3F27-4461-B5FD-1C8F1000FCE3}.Release|iPhoneSimulator.Build.0 = Release|Any CPU
		{1AA0F8D6-3F27-4461-B5FD-1C8F1000FCE3}.Release|Mixed Platforms.ActiveCfg = Release|Any CPU
		{1AA0F8D6-3F27-4461-B5FD-1C8F1000FCE3}.Release|Mixed Platforms.Build.0 = Release|Any CPU
		{1AA0F8D6-3F27-4461-B5FD-1C8F1000FCE3}.Release|Mixed Platforms.Deploy.0 = Release|Any CPU
		{1AA0F8D6-3F27-4461-B5FD-1C8F1000FCE3}.Release|x64.ActiveCfg = Release|Any CPU
		{1AA0F8D6-3F27-4461-B5FD-1C8F1000FCE3}.Release|x86.ActiveCfg = Release|Any CPU
		{99CD1495-A1C1-41E7-A35D-318804B21C2E}.Ad-Hoc|Any CPU.ActiveCfg = Release|Any CPU
		{99CD1495-A1C1-41E7-A35D-318804B21C2E}.Ad-Hoc|Any CPU.Build.0 = Release|Any CPU
		{99CD1495-A1C1-41E7-A35D-318804B21C2E}.Ad-Hoc|Any CPU.Deploy.0 = Release|Any CPU
		{99CD1495-A1C1-41E7-A35D-318804B21C2E}.Ad-Hoc|ARM.ActiveCfg = Release|ARM
		{99CD1495-A1C1-41E7-A35D-318804B21C2E}.Ad-Hoc|ARM.Build.0 = Release|ARM
		{99CD1495-A1C1-41E7-A35D-318804B21C2E}.Ad-Hoc|ARM.Deploy.0 = Release|ARM
		{99CD1495-A1C1-41E7-A35D-318804B21C2E}.Ad-Hoc|iPhone.ActiveCfg = Release|Any CPU
		{99CD1495-A1C1-41E7-A35D-318804B21C2E}.Ad-Hoc|iPhone.Build.0 = Release|Any CPU
		{99CD1495-A1C1-41E7-A35D-318804B21C2E}.Ad-Hoc|iPhone.Deploy.0 = Release|Any CPU
		{99CD1495-A1C1-41E7-A35D-318804B21C2E}.Ad-Hoc|iPhoneSimulator.ActiveCfg = Release|Any CPU
		{99CD1495-A1C1-41E7-A35D-318804B21C2E}.Ad-Hoc|iPhoneSimulator.Build.0 = Release|Any CPU
		{99CD1495-A1C1-41E7-A35D-318804B21C2E}.Ad-Hoc|iPhoneSimulator.Deploy.0 = Release|Any CPU
		{99CD1495-A1C1-41E7-A35D-318804B21C2E}.Ad-Hoc|Mixed Platforms.ActiveCfg = Release|x86
		{99CD1495-A1C1-41E7-A35D-318804B21C2E}.Ad-Hoc|Mixed Platforms.Build.0 = Release|x86
		{99CD1495-A1C1-41E7-A35D-318804B21C2E}.Ad-Hoc|Mixed Platforms.Deploy.0 = Release|x86
		{99CD1495-A1C1-41E7-A35D-318804B21C2E}.Ad-Hoc|x64.ActiveCfg = Release|Any CPU
		{99CD1495-A1C1-41E7-A35D-318804B21C2E}.Ad-Hoc|x64.Build.0 = Release|Any CPU
		{99CD1495-A1C1-41E7-A35D-318804B21C2E}.Ad-Hoc|x64.Deploy.0 = Release|Any CPU
		{99CD1495-A1C1-41E7-A35D-318804B21C2E}.Ad-Hoc|x86.ActiveCfg = Release|x86
		{99CD1495-A1C1-41E7-A35D-318804B21C2E}.Ad-Hoc|x86.Build.0 = Release|x86
		{99CD1495-A1C1-41E7-A35D-318804B21C2E}.Ad-Hoc|x86.Deploy.0 = Release|x86
		{99CD1495-A1C1-41E7-A35D-318804B21C2E}.AppStore|Any CPU.ActiveCfg = Release|Any CPU
		{99CD1495-A1C1-41E7-A35D-318804B21C2E}.AppStore|Any CPU.Build.0 = Release|Any CPU
		{99CD1495-A1C1-41E7-A35D-318804B21C2E}.AppStore|Any CPU.Deploy.0 = Release|Any CPU
		{99CD1495-A1C1-41E7-A35D-318804B21C2E}.AppStore|ARM.ActiveCfg = Release|ARM
		{99CD1495-A1C1-41E7-A35D-318804B21C2E}.AppStore|ARM.Build.0 = Release|ARM
		{99CD1495-A1C1-41E7-A35D-318804B21C2E}.AppStore|ARM.Deploy.0 = Release|ARM
		{99CD1495-A1C1-41E7-A35D-318804B21C2E}.AppStore|iPhone.ActiveCfg = Release|Any CPU
		{99CD1495-A1C1-41E7-A35D-318804B21C2E}.AppStore|iPhone.Build.0 = Release|Any CPU
		{99CD1495-A1C1-41E7-A35D-318804B21C2E}.AppStore|iPhone.Deploy.0 = Release|Any CPU
		{99CD1495-A1C1-41E7-A35D-318804B21C2E}.AppStore|iPhoneSimulator.ActiveCfg = Release|Any CPU
		{99CD1495-A1C1-41E7-A35D-318804B21C2E}.AppStore|iPhoneSimulator.Build.0 = Release|Any CPU
		{99CD1495-A1C1-41E7-A35D-318804B21C2E}.AppStore|iPhoneSimulator.Deploy.0 = Release|Any CPU
		{99CD1495-A1C1-41E7-A35D-318804B21C2E}.AppStore|Mixed Platforms.ActiveCfg = Release|x86
		{99CD1495-A1C1-41E7-A35D-318804B21C2E}.AppStore|Mixed Platforms.Build.0 = Release|x86
		{99CD1495-A1C1-41E7-A35D-318804B21C2E}.AppStore|Mixed Platforms.Deploy.0 = Release|x86
		{99CD1495-A1C1-41E7-A35D-318804B21C2E}.AppStore|x64.ActiveCfg = Release|Any CPU
		{99CD1495-A1C1-41E7-A35D-318804B21C2E}.AppStore|x64.Build.0 = Release|Any CPU
		{99CD1495-A1C1-41E7-A35D-318804B21C2E}.AppStore|x64.Deploy.0 = Release|Any CPU
		{99CD1495-A1C1-41E7-A35D-318804B21C2E}.AppStore|x86.ActiveCfg = Release|x86
		{99CD1495-A1C1-41E7-A35D-318804B21C2E}.AppStore|x86.Build.0 = Release|x86
		{99CD1495-A1C1-41E7-A35D-318804B21C2E}.AppStore|x86.Deploy.0 = Release|x86
		{99CD1495-A1C1-41E7-A35D-318804B21C2E}.Debug|Any CPU.ActiveCfg = Debug|Any CPU
		{99CD1495-A1C1-41E7-A35D-318804B21C2E}.Debug|Any CPU.Build.0 = Debug|Any CPU
		{99CD1495-A1C1-41E7-A35D-318804B21C2E}.Debug|Any CPU.Deploy.0 = Debug|Any CPU
		{99CD1495-A1C1-41E7-A35D-318804B21C2E}.Debug|ARM.ActiveCfg = Debug|ARM
		{99CD1495-A1C1-41E7-A35D-318804B21C2E}.Debug|ARM.Build.0 = Debug|ARM
		{99CD1495-A1C1-41E7-A35D-318804B21C2E}.Debug|ARM.Deploy.0 = Debug|ARM
		{99CD1495-A1C1-41E7-A35D-318804B21C2E}.Debug|iPhone.ActiveCfg = Debug|Any CPU
		{99CD1495-A1C1-41E7-A35D-318804B21C2E}.Debug|iPhone.Build.0 = Debug|Any CPU
		{99CD1495-A1C1-41E7-A35D-318804B21C2E}.Debug|iPhone.Deploy.0 = Debug|Any CPU
		{99CD1495-A1C1-41E7-A35D-318804B21C2E}.Debug|iPhoneSimulator.ActiveCfg = Debug|Any CPU
		{99CD1495-A1C1-41E7-A35D-318804B21C2E}.Debug|iPhoneSimulator.Build.0 = Debug|Any CPU
		{99CD1495-A1C1-41E7-A35D-318804B21C2E}.Debug|iPhoneSimulator.Deploy.0 = Debug|Any CPU
		{99CD1495-A1C1-41E7-A35D-318804B21C2E}.Debug|Mixed Platforms.ActiveCfg = Debug|x86
		{99CD1495-A1C1-41E7-A35D-318804B21C2E}.Debug|Mixed Platforms.Build.0 = Debug|x86
		{99CD1495-A1C1-41E7-A35D-318804B21C2E}.Debug|Mixed Platforms.Deploy.0 = Debug|x86
		{99CD1495-A1C1-41E7-A35D-318804B21C2E}.Debug|x64.ActiveCfg = Debug|Any CPU
		{99CD1495-A1C1-41E7-A35D-318804B21C2E}.Debug|x64.Build.0 = Debug|Any CPU
		{99CD1495-A1C1-41E7-A35D-318804B21C2E}.Debug|x64.Deploy.0 = Debug|Any CPU
		{99CD1495-A1C1-41E7-A35D-318804B21C2E}.Debug|x86.ActiveCfg = Debug|x86
		{99CD1495-A1C1-41E7-A35D-318804B21C2E}.Debug|x86.Build.0 = Debug|x86
		{99CD1495-A1C1-41E7-A35D-318804B21C2E}.Debug|x86.Deploy.0 = Debug|x86
		{99CD1495-A1C1-41E7-A35D-318804B21C2E}.Release|Any CPU.ActiveCfg = Release|Any CPU
		{99CD1495-A1C1-41E7-A35D-318804B21C2E}.Release|Any CPU.Build.0 = Release|Any CPU
		{99CD1495-A1C1-41E7-A35D-318804B21C2E}.Release|Any CPU.Deploy.0 = Release|Any CPU
		{99CD1495-A1C1-41E7-A35D-318804B21C2E}.Release|ARM.ActiveCfg = Release|ARM
		{99CD1495-A1C1-41E7-A35D-318804B21C2E}.Release|ARM.Build.0 = Release|ARM
		{99CD1495-A1C1-41E7-A35D-318804B21C2E}.Release|ARM.Deploy.0 = Release|ARM
		{99CD1495-A1C1-41E7-A35D-318804B21C2E}.Release|iPhone.ActiveCfg = Release|Any CPU
		{99CD1495-A1C1-41E7-A35D-318804B21C2E}.Release|iPhone.Build.0 = Release|Any CPU
		{99CD1495-A1C1-41E7-A35D-318804B21C2E}.Release|iPhone.Deploy.0 = Release|Any CPU
		{99CD1495-A1C1-41E7-A35D-318804B21C2E}.Release|iPhoneSimulator.ActiveCfg = Release|Any CPU
		{99CD1495-A1C1-41E7-A35D-318804B21C2E}.Release|iPhoneSimulator.Build.0 = Release|Any CPU
		{99CD1495-A1C1-41E7-A35D-318804B21C2E}.Release|iPhoneSimulator.Deploy.0 = Release|Any CPU
		{99CD1495-A1C1-41E7-A35D-318804B21C2E}.Release|Mixed Platforms.ActiveCfg = Release|x86
		{99CD1495-A1C1-41E7-A35D-318804B21C2E}.Release|Mixed Platforms.Build.0 = Release|x86
		{99CD1495-A1C1-41E7-A35D-318804B21C2E}.Release|Mixed Platforms.Deploy.0 = Release|x86
		{99CD1495-A1C1-41E7-A35D-318804B21C2E}.Release|x64.ActiveCfg = Release|Any CPU
		{99CD1495-A1C1-41E7-A35D-318804B21C2E}.Release|x64.Build.0 = Release|Any CPU
		{99CD1495-A1C1-41E7-A35D-318804B21C2E}.Release|x64.Deploy.0 = Release|Any CPU
		{99CD1495-A1C1-41E7-A35D-318804B21C2E}.Release|x86.ActiveCfg = Release|x86
		{99CD1495-A1C1-41E7-A35D-318804B21C2E}.Release|x86.Build.0 = Release|x86
		{99CD1495-A1C1-41E7-A35D-318804B21C2E}.Release|x86.Deploy.0 = Release|x86
	EndGlobalSection
	GlobalSection(SolutionProperties) = preSolution
		HideSolutionNode = FALSE
	EndGlobalSection
	GlobalSection(NestedProjects) = preSolution
		{74CEE6C1-4CE8-4279-82AF-D5A5DDD76D18} = {48F9B619-4D7C-482C-9C09-56BD8D78D0FF}
		{E65BABF2-F96E-4256-A169-4ECB8136FBB3} = {48F9B619-4D7C-482C-9C09-56BD8D78D0FF}
		{1AA0F8D6-3F27-4461-B5FD-1C8F1000FCE3} = {48F9B619-4D7C-482C-9C09-56BD8D78D0FF}
		{99CD1495-A1C1-41E7-A35D-318804B21C2E} = {48F9B619-4D7C-482C-9C09-56BD8D78D0FF}
	EndGlobalSection
EndGlobal
